
Microsoft Visual Studio Solution File, Format Version 12.00
# Visual Studio Version 16
VisualStudioVersion = 16.0.30114.105
MinimumVisualStudioVersion = 10.0.40219.1
Project("{8BC9CEB8-8B4A-11D0-8D11-00A0C91BC942}") = "Project1", "Project1.vcxproj", "{C4B81789-1EE7-4B3B-8A05-051D3A6BE37F}"
EndProject
Global
	GlobalSection(SolutionConfigurationPlatforms) = preSolution
		Debug|x64 = Debug|x64
		Debug|x86 = Debug|x86
		Release|x64 = Release|x64
		Release|x86 = Release|x86
	EndGlobalSection
	GlobalSection(ProjectConfigurationPlatforms) = postSolution
		{C4B81789-1EE7-4B3B-8A05-051D3A6BE37F}.Debug|x64.ActiveCfg = Debug|x64
		{C4B81789-1EE7-4B3B-8A05-051D3A6BE37F}.Debug|x64.Build.0 = Debug|x64
		{C4B81789-1EE7-4B3B-8A05-051D3A6BE37F}.Debug|x86.ActiveCfg = Debug|Win32
		{C4B81789-1EE7-4B3B-8A05-051D3A6BE37F}.Debug|x86.Build.0 = Debug|Win32
		{C4B81789-1EE7-4B3B-8A05-051D3A6BE37F}.Release|x64.ActiveCfg = Release|x64
		{C4B81789-1EE7-4B3B-8A05-051D3A6BE37F}.Release|x64.Build.0 = Release|x64
		{C4B81789-1EE7-4B3B-8A05-051D3A6BE37F}.Release|x86.ActiveCfg = Release|Win32
		{C4B81789-1EE7-4B3B-8A05-051D3A6BE37F}.Release|x86.Build.0 = Release|Win32
	EndGlobalSection
	GlobalSection(SolutionProperties) = preSolution
		HideSolutionNode = FALSE
	EndGlobalSection
	GlobalSection(ExtensibilityGlobals) = postSolution
		SolutionGuid = {1DFDF606-2878-48D4-AA96-DB4BCAFE6D10}
	EndGlobalSection
EndGlobal
